// !$*UTF8*$!
{
	archiveVersion = 1;
	classes = {
	};
	objectVersion = 48;
	objects = {

/* Begin PBXBuildFile section */
		8A1BD943209C7597006D0DFD /* Spot.swift in Sources */ = {isa = PBXBuildFile; fileRef = 8A1BD942209C7597006D0DFD /* Spot.swift */; };
		8A223284209729A4004257C8 /* AppDelegate.swift in Sources */ = {isa = PBXBuildFile; fileRef = 8A223283209729A4004257C8 /* AppDelegate.swift */; };
		8A223286209729A4004257C8 /* ViewController.swift in Sources */ = {isa = PBXBuildFile; fileRef = 8A223285209729A4004257C8 /* ViewController.swift */; };
		8A223289209729A4004257C8 /* Main.storyboard in Resources */ = {isa = PBXBuildFile; fileRef = 8A223287209729A4004257C8 /* Main.storyboard */; };
		8A22328B209729A4004257C8 /* Assets.xcassets in Resources */ = {isa = PBXBuildFile; fileRef = 8A22328A209729A4004257C8 /* Assets.xcassets */; };
		8A22328E209729A4004257C8 /* LaunchScreen.storyboard in Resources */ = {isa = PBXBuildFile; fileRef = 8A22328C209729A4004257C8 /* LaunchScreen.storyboard */; };
		8A223296209755DB004257C8 /* DetailViewController.swift in Sources */ = {isa = PBXBuildFile; fileRef = 8A223295209755DB004257C8 /* DetailViewController.swift */; };
		8A22329E20977CE9004257C8 /* FirstTableViewController.swift in Sources */ = {isa = PBXBuildFile; fileRef = 8A22329D20977CE9004257C8 /* FirstTableViewController.swift */; };
		8ABE8E3B20978C36007E027F /* MoodViewController.swift in Sources */ = {isa = PBXBuildFile; fileRef = 8ABE8E3A20978C36007E027F /* MoodViewController.swift */; };
		8ABE8E3D20978C40007E027F /* ThankfulViewController.swift in Sources */ = {isa = PBXBuildFile; fileRef = 8ABE8E3C20978C40007E027F /* ThankfulViewController.swift */; };
		8ABE8E3F20978C4E007E027F /* SecondTableViewController.swift in Sources */ = {isa = PBXBuildFile; fileRef = 8ABE8E3E20978C4E007E027F /* SecondTableViewController.swift */; };
/* End PBXBuildFile section */

/* Begin PBXFileReference section */
		8A1BD942209C7597006D0DFD /* Spot.swift */ = {isa = PBXFileReference; lastKnownFileType = sourcecode.swift; path = Spot.swift; sourceTree = "<group>"; };
		8A223280209729A4004257C8 /* Bullet Journal.app */ = {isa = PBXFileReference; explicitFileType = wrapper.application; includeInIndex = 0; path = "Bullet Journal.app"; sourceTree = BUILT_PRODUCTS_DIR; };
		8A223283209729A4004257C8 /* AppDelegate.swift */ = {isa = PBXFileReference; lastKnownFileType = sourcecode.swift; path = AppDelegate.swift; sourceTree = "<group>"; };
		8A223285209729A4004257C8 /* ViewController.swift */ = {isa = PBXFileReference; lastKnownFileType = sourcecode.swift; path = ViewController.swift; sourceTree = "<group>"; };
		8A223288209729A4004257C8 /* Base */ = {isa = PBXFileReference; lastKnownFileType = file.storyboard; name = Base; path = Base.lproj/Main.storyboard; sourceTree = "<group>"; };
		8A22328A209729A4004257C8 /* Assets.xcassets */ = {isa = PBXFileReference; lastKnownFileType = folder.assetcatalog; path = Assets.xcassets; sourceTree = "<group>"; };
		8A22328D209729A4004257C8 /* Base */ = {isa = PBXFileReference; lastKnownFileType = file.storyboard; name = Base; path = Base.lproj/LaunchScreen.storyboard; sourceTree = "<group>"; };
		8A22328F209729A4004257C8 /* Info.plist */ = {isa = PBXFileReference; lastKnownFileType = text.plist.xml; path = Info.plist; sourceTree = "<group>"; };
		8A223295209755DB004257C8 /* DetailViewController.swift */ = {isa = PBXFileReference; lastKnownFileType = sourcecode.swift; path = DetailViewController.swift; sourceTree = "<group>"; };
		8A22329D20977CE9004257C8 /* FirstTableViewController.swift */ = {isa = PBXFileReference; lastKnownFileType = sourcecode.swift; path = FirstTableViewController.swift; sourceTree = "<group>"; };
		8ABE8E3A20978C36007E027F /* MoodViewController.swift */ = {isa = PBXFileReference; lastKnownFileType = sourcecode.swift; path = MoodViewController.swift; sourceTree = "<group>"; };
		8ABE8E3C20978C40007E027F /* ThankfulViewController.swift */ = {isa = PBXFileReference; lastKnownFileType = sourcecode.swift; path = ThankfulViewController.swift; sourceTree = "<group>"; };
		8ABE8E3E20978C4E007E027F /* SecondTableViewController.swift */ = {isa = PBXFileReference; lastKnownFileType = sourcecode.swift; path = SecondTableViewController.swift; sourceTree = "<group>"; };
/* End PBXFileReference section */

/* Begin PBXFrameworksBuildPhase section */
		8A22327D209729A4004257C8 /* Frameworks */ = {
			isa = PBXFrameworksBuildPhase;
			buildActionMask = 2147483647;
			files = (
			);
			runOnlyForDeploymentPostprocessing = 0;
		};
/* End PBXFrameworksBuildPhase section */

/* Begin PBXGroup section */
		8A223277209729A3004257C8 = {
			isa = PBXGroup;
			children = (
				8A223282209729A4004257C8 /* Bullet Journal */,
				8A223281209729A4004257C8 /* Products */,
			);
			sourceTree = "<group>";
		};
		8A223281209729A4004257C8 /* Products */ = {
			isa = PBXGroup;
			children = (
				8A223280209729A4004257C8 /* Bullet Journal.app */,
			);
			name = Products;
			sourceTree = "<group>";
		};
		8A223282209729A4004257C8 /* Bullet Journal */ = {
			isa = PBXGroup;
			children = (
				8A223283209729A4004257C8 /* AppDelegate.swift */,
				8A223285209729A4004257C8 /* ViewController.swift */,
				8A22329D20977CE9004257C8 /* FirstTableViewController.swift */,
				8ABE8E3A20978C36007E027F /* MoodViewController.swift */,
				8ABE8E3C20978C40007E027F /* ThankfulViewController.swift */,
				8ABE8E3E20978C4E007E027F /* SecondTableViewController.swift */,
				8A223295209755DB004257C8 /* DetailViewController.swift */,
				8A1BD942209C7597006D0DFD /* Spot.swift */,
				8A223287209729A4004257C8 /* Main.storyboard */,
				8A22328A209729A4004257C8 /* Assets.xcassets */,
				8A22328C209729A4004257C8 /* LaunchScreen.storyboard */,
				8A22328F209729A4004257C8 /* Info.plist */,
			);
			path = "Bullet Journal";
			sourceTree = "<group>";
		};
/* End PBXGroup section */

/* Begin PBXNativeTarget section */
		8A22327F209729A4004257C8 /* Bullet Journal */ = {
			isa = PBXNativeTarget;
			buildConfigurationList = 8A223292209729A4004257C8 /* Build configuration list for PBXNativeTarget "Bullet Journal" */;
			buildPhases = (
				8A22327C209729A4004257C8 /* Sources */,
				8A22327D209729A4004257C8 /* Frameworks */,
				8A22327E209729A4004257C8 /* Resources */,
			);
			buildRules = (
			);
			dependencies = (
			);
			name = "Bullet Journal";
			productName = "Bullet Journal";
			productReference = 8A223280209729A4004257C8 /* Bullet Journal.app */;
			productType = "com.apple.product-type.application";
		};
/* End PBXNativeTarget section */

/* Begin PBXProject section */
		8A223278209729A3004257C8 /* Project object */ = {
			isa = PBXProject;
			attributes = {
				LastSwiftUpdateCheck = 0920;
				LastUpgradeCheck = 0920;
				ORGANIZATIONNAME = Zhao;
				TargetAttributes = {
					8A22327F209729A4004257C8 = {
						CreatedOnToolsVersion = 9.2;
						ProvisioningStyle = Automatic;
					};
				};
			};
			buildConfigurationList = 8A22327B209729A3004257C8 /* Build configuration list for PBXProject "Bullet Journal" */;
			compatibilityVersion = "Xcode 8.0";
			developmentRegion = en;
			hasScannedForEncodings = 0;
			knownRegions = (
				en,
				Base,
			);
			mainGroup = 8A223277209729A3004257C8;
			productRefGroup = 8A223281209729A4004257C8 /* Products */;
			projectDirPath = "";
			projectRoot = "";
			targets = (
				8A22327F209729A4004257C8 /* Bullet Journal */,
			);
		};
/* End PBXProject section */

/* Begin PBXResourcesBuildPhase section */
		8A22327E209729A4004257C8 /* Resources */ = {
			isa = PBXResourcesBuildPhase;
			buildActionMask = 2147483647;
			files = (
				8A22328E209729A4004257C8 /* LaunchScreen.storyboard in Resources */,
				8A22328B209729A4004257C8 /* Assets.xcassets in Resources */,
				8A223289209729A4004257C8 /* Main.storyboard in Resources */,
			);
			runOnlyForDeploymentPostprocessing = 0;
		};
/* End PBXResourcesBuildPhase section */

/* Begin PBXSourcesBuildPhase section */
		8A22327C209729A4004257C8 /* Sources */ = {
			isa = PBXSourcesBuildPhase;
			buildActionMask = 2147483647;
			files = (
				8ABE8E3B20978C36007E027F /* MoodViewController.swift in Sources */,
				8ABE8E3D20978C40007E027F /* ThankfulViewController.swift in Sources */,
				8A22329E20977CE9004257C8 /* FirstTableViewController.swift in Sources */,
				8A1BD943209C7597006D0DFD /* Spot.swift in Sources */,
				8A223296209755DB004257C8 /* DetailViewController.swift in Sources */,
				8ABE8E3F20978C4E007E027F /* SecondTableViewController.swift in Sources */,
				8A223286209729A4004257C8 /* ViewController.swift in Sources */,
				8A223284209729A4004257C8 /* AppDelegate.swift in Sources */,
			);
			runOnlyForDeploymentPostprocessing = 0;
		};
/* End PBXSourcesBuildPhase section */

/* Begin PBXVariantGroup section */
		8A223287209729A4004257C8 /* Main.storyboard */ = {
			isa = PBXVariantGroup;
			children = (
				8A223288209729A4004257C8 /* Base */,
			);
			name = Main.storyboard;
			sourceTree = "<group>";
		};
		8A22328C209729A4004257C8 /* LaunchScreen.storyboard */ = {
			isa = PBXVariantGroup;
			children = (
				8A22328D209729A4004257C8 /* Base */,
			);
			name = LaunchScreen.storyboard;
			sourceTree = "<group>";
		};
/* End PBXVariantGroup section */

/* Begin XCBuildConfiguration section */
		8A223290209729A4004257C8 /* Debug */ = {
			isa = XCBuildConfiguration;
			buildSettings = {
				ALWAYS_SEARCH_USER_PATHS = NO;
				CLANG_ANALYZER_NONNULL = YES;
				CLANG_ANALYZER_NUMBER_OBJECT_CONVERSION = YES_AGGRESSIVE;
				CLANG_CXX_LANGUAGE_STANDARD = "gnu++14";
				CLANG_CXX_LIBRARY = "libc++";
				CLANG_ENABLE_MODULES = YES;
				CLANG_ENABLE_OBJC_ARC = YES;
				CLANG_WARN_BLOCK_CAPTURE_AUTORELEASING = YES;
				CLANG_WARN_BOOL_CONVERSION = YES;
				CLANG_WARN_COMMA = YES;
				CLANG_WARN_CONSTANT_CONVERSION = YES;
				CLANG_WARN_DIRECT_OBJC_ISA_USAGE = YES_ERROR;
				CLANG_WARN_DOCUMENTATION_COMMENTS = YES;
				CLANG_WARN_EMPTY_BODY = YES;
				CLANG_WARN_ENUM_CONVERSION = YES;
				CLANG_WARN_INFINITE_RECURSION = YES;
				CLANG_WARN_INT_CONVERSION = YES;
				CLANG_WARN_NON_LITERAL_NULL_CONVERSION = YES;
				CLANG_WARN_OBJC_LITERAL_CONVERSION = YES;
				CLANG_WARN_OBJC_ROOT_CLASS = YES_ERROR;
				CLANG_WARN_RANGE_LOOP_ANALYSIS = YES;
				CLANG_WARN_STRICT_PROTOTYPES = YES;
				CLANG_WARN_SUSPICIOUS_MOVE = YES;
				CLANG_WARN_UNGUARDED_AVAILABILITY = YES_AGGRESSIVE;
				CLANG_WARN_UNREACHABLE_CODE = YES;
				CLANG_WARN__DUPLICATE_METHOD_MATCH = YES;
				CODE_SIGN_IDENTITY = "iPhone Developer";
				COPY_PHASE_STRIP = NO;
				DEBUG_INFORMATION_FORMAT = dwarf;
				ENABLE_STRICT_OBJC_MSGSEND = YES;
				ENABLE_TESTABILITY = YES;
				GCC_C_LANGUAGE_STANDARD = gnu11;
				GCC_DYNAMIC_NO_PIC = NO;
				GCC_NO_COMMON_BLOCKS = YES;
				GCC_OPTIMIZATION_LEVEL = 0;
				GCC_PREPROCESSOR_DEFINITIONS = (
					"DEBUG=1",
					"$(inherited)",
				);
				GCC_WARN_64_TO_32_BIT_CONVERSION = YES;
				GCC_WARN_ABOUT_RETURN_TYPE = YES_ERROR;
				GCC_WARN_UNDECLARED_SELECTOR = YES;
				GCC_WARN_UNINITIALIZED_AUTOS = YES_AGGRESSIVE;
				GCC_WARN_UNUSED_FUNCTION = YES;
				GCC_WARN_UNUSED_VARIABLE = YES;
				IPHONEOS_DEPLOYMENT_TARGET = 11.2;
				MTL_ENABLE_DEBUG_INFO = YES;
				ONLY_ACTIVE_ARCH = YES;
				SDKROOT = iphoneos;
				SWIFT_ACTIVE_COMPILATION_CONDITIONS = DEBUG;
				SWIFT_OPTIMIZATION_LEVEL = "-Onone";
			};
			name = Debug;
		};
		8A223291209729A4004257C8 /* Release */ = {
			isa = XCBuildConfiguration;
			buildSettings = {
				ALWAYS_SEARCH_USER_PATHS = NO;
				CLANG_ANALYZER_NONNULL = YES;
				CLANG_ANALYZER_NUMBER_OBJECT_CONVERSION = YES_AGGRESSIVE;
				CLANG_CXX_LANGUAGE_STANDARD = "gnu++14";
				CLANG_CXX_LIBRARY = "libc++";
				CLANG_ENABLE_MODULES = YES;
				CLANG_ENABLE_OBJC_ARC = YES;
				CLANG_WARN_BLOCK_CAPTURE_AUTORELEASING = YES;
				CLANG_WARN_BOOL_CONVERSION = YES;
				CLANG_WARN_COMMA = YES;
				CLANG_WARN_CONSTANT_CONVERSION = YES;
				CLANG_WARN_DIRECT_OBJC_ISA_USAGE = YES_ERROR;
				CLANG_WARN_DOCUMENTATION_COMMENTS = YES;
				CLANG_WARN_EMPTY_BODY = YES;
				CLANG_WARN_ENUM_CONVERSION = YES;
				CLANG_WARN_INFINITE_RECURSION = YES;
				CLANG_WARN_INT_CONVERSION = YES;
				CLANG_WARN_NON_LITERAL_NULL_CONVERSION = YES;
				CLANG_WARN_OBJC_LITERAL_CONVERSION = YES;
				CLANG_WARN_OBJC_ROOT_CLASS = YES_ERROR;
				CLANG_WARN_RANGE_LOOP_ANALYSIS = YES;
				CLANG_WARN_STRICT_PROTOTYPES = YES;
				CLANG_WARN_SUSPICIOUS_MOVE = YES;
				CLANG_WARN_UNGUARDED_AVAILABILITY = YES_AGGRESSIVE;
				CLANG_WARN_UNREACHABLE_CODE = YES;
				CLANG_WARN__DUPLICATE_METHOD_MATCH = YES;
				CODE_SIGN_IDENTITY = "iPhone Developer";
				COPY_PHASE_STRIP = NO;
				DEBUG_INFORMATION_FORMAT = "dwarf-with-dsym";
				ENABLE_NS_ASSERTIONS = NO;
				ENABLE_STRICT_OBJC_MSGSEND = YES;
				GCC_C_LANGUAGE_STANDARD = gnu11;
				GCC_NO_COMMON_BLOCKS = YES;
				GCC_WARN_64_TO_32_BIT_CONVERSION = YES;
				GCC_WARN_ABOUT_RETURN_TYPE = YES_ERROR;
				GCC_WARN_UNDECLARED_SELECTOR = YES;
				GCC_WARN_UNINITIALIZED_AUTOS = YES_AGGRESSIVE;
				GCC_WARN_UNUSED_FUNCTION = YES;
				GCC_WARN_UNUSED_VARIABLE = YES;
				IPHONEOS_DEPLOYMENT_TARGET = 11.2;
				MTL_ENABLE_DEBUG_INFO = NO;
				SDKROOT = iphoneos;
				SWIFT_OPTIMIZATION_LEVEL = "-Owholemodule";
				VALIDATE_PRODUCT = YES;
			};
			name = Release;
		};
		8A223293209729A4004257C8 /* Debug */ = {
			isa = XCBuildConfiguration;
			buildSettings = {
				ASSETCATALOG_COMPILER_APPICON_NAME = AppIcon;
				CODE_SIGN_STYLE = Automatic;
				DEVELOPMENT_TEAM = 75TWA5R8TW;
				INFOPLIST_FILE = "Bullet Journal/Info.plist";
				LD_RUNPATH_SEARCH_PATHS = "$(inherited) @executable_path/Frameworks";
				PRODUCT_BUNDLE_IDENTIFIER = "com.zhao.Bullet-Journal";
				PRODUCT_NAME = "$(TARGET_NAME)";
				SWIFT_VERSION = 4.0;
				TARGETED_DEVICE_FAMILY = "1,2";
			};
			name = Debug;
		};
		8A223294209729A4004257C8 /* Release */ = {
			isa = XCBuildConfiguration;
			buildSettings = {
				ASSETCATALOG_COMPILER_APPICON_NAME = AppIcon;
				CODE_SIGN_STYLE = Automatic;
				DEVELOPMENT_TEAM = 75TWA5R8TW;
				INFOPLIST_FILE = "Bullet Journal/Info.plist";
				LD_RUNPATH_SEARCH_PATHS = "$(inherited) @executable_path/Frameworks";
				PRODUCT_BUNDLE_IDENTIFIER = "com.zhao.Bullet-Journal";
				PRODUCT_NAME = "$(TARGET_NAME)";
				SWIFT_VERSION = 4.0;
				TARGETED_DEVICE_FAMILY = "1,2";
			};
			name = Release;
		};
/* End XCBuildConfiguration section */

/* Begin XCConfigurationList section */
		8A22327B209729A3004257C8 /* Build configuration list for PBXProject "Bullet Journal" */ = {
			isa = XCConfigurationList;
			buildConfigurations = (
				8A223290209729A4004257C8 /* Debug */,
				8A223291209729A4004257C8 /* Release */,
			);
			defaultConfigurationIsVisible = 0;
			defaultConfigurationName = Release;
		};
		8A223292209729A4004257C8 /* Build configuration list for PBXNativeTarget "Bullet Journal" */ = {
			isa = XCConfigurationList;
			buildConfigurations = (
				8A223293209729A4004257C8 /* Debug */,
				8A223294209729A4004257C8 /* Release */,
			);
			defaultConfigurationIsVisible = 0;
			defaultConfigurationName = Release;
		};
/* End XCConfigurationList section */
	};
	rootObject = 8A223278209729A3004257C8 /* Project object */;
}
